
Microsoft Visual Studio Solution File, Format Version 12.00
# Visual Studio 15
VisualStudioVersion = 15.0.28307.902
MinimumVisualStudioVersion = 10.0.40219.1
Project("{FAE04EC0-301F-11D3-BF4B-00C04F79EFBC}") = "SwipeView.Android", "SwipeView\SwipeView.Android\SwipeView.Android.csproj", "{C8317CE8-4551-45EE-AE5E-3A348D84E79F}"
EndProject
Project("{FAE04EC0-301F-11D3-BF4B-00C04F79EFBC}") = "SwipeView.iOS", "SwipeView\SwipeView.iOS\SwipeView.iOS.csproj", "{CEEB41BE-00C5-412F-9A6C-977F87DC1609}"
EndProject
Project("{FAE04EC0-301F-11D3-BF4B-00C04F79EFBC}") = "SwipeView", "SwipeView\SwipeView\SwipeView.csproj", "{B2A17C62-D101-4D88-AE34-8112492E6A75}"
EndProject
Global
	GlobalSection(SolutionConfigurationPlatforms) = preSolution
		Ad-Hoc|Any CPU = Ad-Hoc|Any CPU
		Ad-Hoc|iPhone = Ad-Hoc|iPhone
		Ad-Hoc|iPhoneSimulator = Ad-Hoc|iPhoneSimulator
		AppStore|Any CPU = AppStore|Any CPU
		AppStore|iPhone = AppStore|iPhone
		AppStore|iPhoneSimulator = AppStore|iPhoneSimulator
		Debug|Any CPU = Debug|Any CPU
		Debug|iPhone = Debug|iPhone
		Debug|iPhoneSimulator = Debug|iPhoneSimulator
		Release|Any CPU = Release|Any CPU
		Release|iPhone = Release|iPhone
		Release|iPhoneSimulator = Release|iPhoneSimulator
	EndGlobalSection
	GlobalSection(ProjectConfigurationPlatforms) = postSolution
		{C8317CE8-4551-45EE-AE5E-3A348D84E79F}.Ad-Hoc|Any CPU.ActiveCfg = Release|Any CPU
		{C8317CE8-4551-45EE-AE5E-3A348D84E79F}.Ad-Hoc|Any CPU.Build.0 = Release|Any CPU
		{C8317CE8-4551-45EE-AE5E-3A348D84E79F}.Ad-Hoc|Any CPU.Deploy.0 = Release|Any CPU
		{C8317CE8-4551-45EE-AE5E-3A348D84E79F}.Ad-Hoc|iPhone.ActiveCfg = Release|Any CPU
		{C8317CE8-4551-45EE-AE5E-3A348D84E79F}.Ad-Hoc|iPhone.Build.0 = Release|Any CPU
		{C8317CE8-4551-45EE-AE5E-3A348D84E79F}.Ad-Hoc|iPhone.Deploy.0 = Release|Any CPU
		{C8317CE8-4551-45EE-AE5E-3A348D84E79F}.Ad-Hoc|iPhoneSimulator.ActiveCfg = Release|Any CPU
		{C8317CE8-4551-45EE-AE5E-3A348D84E79F}.Ad-Hoc|iPhoneSimulator.Build.0 = Release|Any CPU
		{C8317CE8-4551-45EE-AE5E-3A348D84E79F}.Ad-Hoc|iPhoneSimulator.Deploy.0 = Release|Any CPU
		{C8317CE8-4551-45EE-AE5E-3A348D84E79F}.AppStore|Any CPU.ActiveCfg = Release|Any CPU
		{C8317CE8-4551-45EE-AE5E-3A348D84E79F}.AppStore|Any CPU.Build.0 = Release|Any CPU
		{C8317CE8-4551-45EE-AE5E-3A348D84E79F}.AppStore|Any CPU.Deploy.0 = Release|Any CPU
		{C8317CE8-4551-45EE-AE5E-3A348D84E79F}.AppStore|iPhone.ActiveCfg = Release|Any CPU
		{C8317CE8-4551-45EE-AE5E-3A348D84E79F}.AppStore|iPhone.Build.0 = Release|Any CPU
		{C8317CE8-4551-45EE-AE5E-3A348D84E79F}.AppStore|iPhone.Deploy.0 = Release|Any CPU
		{C8317CE8-4551-45EE-AE5E-3A348D84E79F}.AppStore|iPhoneSimulator.ActiveCfg = Release|Any CPU
		{C8317CE8-4551-45EE-AE5E-3A348D84E79F}.AppStore|iPhoneSimulator.Build.0 = Release|Any CPU
		{C8317CE8-4551-45EE-AE5E-3A348D84E79F}.AppStore|iPhoneSimulator.Deploy.0 = Release|Any CPU
		{C8317CE8-4551-45EE-AE5E-3A348D84E79F}.Debug|Any CPU.ActiveCfg = Debug|Any CPU
		{C8317CE8-4551-45EE-AE5E-3A348D84E79F}.Debug|Any CPU.Build.0 = Debug|Any CPU
		{C8317CE8-4551-45EE-AE5E-3A348D84E79F}.Debug|Any CPU.Deploy.0 = Debug|Any CPU
		{C8317CE8-4551-45EE-AE5E-3A348D84E79F}.Debug|iPhone.ActiveCfg = Debug|Any CPU
		{C8317CE8-4551-45EE-AE5E-3A348D84E79F}.Debug|iPhone.Build.0 = Debug|Any CPU
		{C8317CE8-4551-45EE-AE5E-3A348D84E79F}.Debug|iPhone.Deploy.0 = Debug|Any CPU
		{C8317CE8-4551-45EE-AE5E-3A348D84E79F}.Debug|iPhoneSimulator.ActiveCfg = Debug|Any CPU
		{C8317CE8-4551-45EE-AE5E-3A348D84E79F}.Debug|iPhoneSimulator.Build.0 = Debug|Any CPU
		{C8317CE8-4551-45EE-AE5E-3A348D84E79F}.Debug|iPhoneSimulator.Deploy.0 = Debug|Any CPU
		{C8317CE8-4551-45EE-AE5E-3A348D84E79F}.Release|Any CPU.ActiveCfg = Release|Any CPU
		{C8317CE8-4551-45EE-AE5E-3A348D84E79F}.Release|Any CPU.Build.0 = Release|Any CPU
		{C8317CE8-4551-45EE-AE5E-3A348D84E79F}.Release|Any CPU.Deploy.0 = Release|Any CPU
		{C8317CE8-4551-45EE-AE5E-3A348D84E79F}.Release|iPhone.ActiveCfg = Release|Any CPU
		{C8317CE8-4551-45EE-AE5E-3A348D84E79F}.Release|iPhone.Build.0 = Release|Any CPU
		{C8317CE8-4551-45EE-AE5E-3A348D84E79F}.Release|iPhone.Deploy.0 = Release|Any CPU
		{C8317CE8-4551-45EE-AE5E-3A348D84E79F}.Release|iPhoneSimulator.ActiveCfg = Release|Any CPU
		{C8317CE8-4551-45EE-AE5E-3A348D84E79F}.Release|iPhoneSimulator.Build.0 = Release|Any CPU
		{C8317CE8-4551-45EE-AE5E-3A348D84E79F}.Release|iPhoneSimulator.Deploy.0 = Release|Any CPU
		{CEEB41BE-00C5-412F-9A6C-977F87DC1609}.Ad-Hoc|Any CPU.ActiveCfg = Ad-Hoc|iPhone
		{CEEB41BE-00C5-412F-9A6C-977F87DC1609}.Ad-Hoc|Any CPU.Build.0 = Ad-Hoc|iPhone
		{CEEB41BE-00C5-412F-9A6C-977F87DC1609}.Ad-Hoc|Any CPU.Deploy.0 = Ad-Hoc|iPhone
		{CEEB41BE-00C5-412F-9A6C-977F87DC1609}.Ad-Hoc|iPhone.ActiveCfg = Ad-Hoc|iPhone
		{CEEB41BE-00C5-412F-9A6C-977F87DC1609}.Ad-Hoc|iPhone.Build.0 = Ad-Hoc|iPhone
		{CEEB41BE-00C5-412F-9A6C-977F87DC1609}.Ad-Hoc|iPhone.Deploy.0 = Ad-Hoc|iPhone
		{CEEB41BE-00C5-412F-9A6C-977F87DC1609}.Ad-Hoc|iPhoneSimulator.ActiveCfg = Ad-Hoc|iPhoneSimulator
		{CEEB41BE-00C5-412F-9A6C-977F87DC1609}.Ad-Hoc|iPhoneSimulator.Build.0 = Ad-Hoc|iPhoneSimulator
		{CEEB41BE-00C5-412F-9A6C-977F87DC1609}.Ad-Hoc|iPhoneSimulator.Deploy.0 = Ad-Hoc|iPhoneSimulator
		{CEEB41BE-00C5-412F-9A6C-977F87DC1609}.AppStore|Any CPU.ActiveCfg = AppStore|iPhone
		{CEEB41BE-00C5-412F-9A6C-977F87DC1609}.AppStore|Any CPU.Build.0 = AppStore|iPhone
		{CEEB41BE-00C5-412F-9A6C-977F87DC1609}.AppStore|Any CPU.Deploy.0 = AppStore|iPhone
		{CEEB41BE-00C5-412F-9A6C-977F87DC1609}.AppStore|iPhone.ActiveCfg = AppStore|iPhone
		{CEEB41BE-00C5-412F-9A6C-977F87DC1609}.AppStore|iPhone.Build.0 = AppStore|iPhone
		{CEEB41BE-00C5-412F-9A6C-977F87DC1609}.AppStore|iPhone.Deploy.0 = AppStore|iPhone
		{CEEB41BE-00C5-412F-9A6C-977F87DC1609}.AppStore|iPhoneSimulator.ActiveCfg = AppStore|iPhoneSimulator
		{CEEB41BE-00C5-412F-9A6C-977F87DC1609}.AppStore|iPhoneSimulator.Build.0 = AppStore|iPhoneSimulator
		{CEEB41BE-00C5-412F-9A6C-977F87DC1609}.AppStore|iPhoneSimulator.Deploy.0 = AppStore|iPhoneSimulator
		{CEEB41BE-00C5-412F-9A6C-977F87DC1609}.Debug|Any CPU.ActiveCfg = Debug|iPhoneSimulator
		{CEEB41BE-00C5-412F-9A6C-977F87DC1609}.Debug|Any CPU.Build.0 = Debug|iPhoneSimulator
		{CEEB41BE-00C5-412F-9A6C-977F87DC1609}.Debug|Any CPU.Deploy.0 = Debug|iPhoneSimulator
		{CEEB41BE-00C5-412F-9A6C-977F87DC1609}.Debug|iPhone.ActiveCfg = Debug|iPhone
		{CEEB41BE-00C5-412F-9A6C-977F87DC1609}.Debug|iPhone.Build.0 = Debug|iPhone
		{CEEB41BE-00C5-412F-9A6C-977F87DC1609}.Debug|iPhone.Deploy.0 = Debug|iPhone
		{CEEB41BE-00C5-412F-9A6C-977F87DC1609}.Debug|iPhoneSimulator.ActiveCfg = Debug|iPhoneSimulator
		{CEEB41BE-00C5-412F-9A6C-977F87DC1609}.Debug|iPhoneSimulator.Build.0 = Debug|iPhoneSimulator
		{CEEB41BE-00C5-412F-9A6C-977F87DC1609}.Debug|iPhoneSimulator.Deploy.0 = Debug|iPhoneSimulator
		{CEEB41BE-00C5-412F-9A6C-977F87DC1609}.Release|Any CPU.ActiveCfg = Release|iPhone
		{CEEB41BE-00C5-412F-9A6C-977F87DC1609}.Release|Any CPU.Build.0 = Release|iPhone
		{CEEB41BE-00C5-412F-9A6C-977F87DC1609}.Release|Any CPU.Deploy.0 = Release|iPhone
		{CEEB41BE-00C5-412F-9A6C-977F87DC1609}.Release|iPhone.ActiveCfg = Release|iPhone
		{CEEB41BE-00C5-412F-9A6C-977F87DC1609}.Release|iPhone.Build.0 = Release|iPhone
		{CEEB41BE-00C5-412F-9A6C-977F87DC1609}.Release|iPhone.Deploy.0 = Release|iPhone
		{CEEB41BE-00C5-412F-9A6C-977F87DC1609}.Release|iPhoneSimulator.ActiveCfg = Release|iPhoneSimulator
		{CEEB41BE-00C5-412F-9A6C-977F87DC1609}.Release|iPhoneSimulator.Build.0 = Release|iPhoneSimulator
		{CEEB41BE-00C5-412F-9A6C-977F87DC1609}.Release|iPhoneSimulator.Deploy.0 = Release|iPhoneSimulator
		{B2A17C62-D101-4D88-AE34-8112492E6A75}.Ad-Hoc|Any CPU.ActiveCfg = Debug|Any CPU
		{B2A17C62-D101-4D88-AE34-8112492E6A75}.Ad-Hoc|Any CPU.Build.0 = Debug|Any CPU
		{B2A17C62-D101-4D88-AE34-8112492E6A75}.Ad-Hoc|Any CPU.Deploy.0 = Debug|Any CPU
		{B2A17C62-D101-4D88-AE34-8112492E6A75}.Ad-Hoc|iPhone.ActiveCfg = Debug|Any CPU
		{B2A17C62-D101-4D88-AE34-8112492E6A75}.Ad-Hoc|iPhone.Build.0 = Debug|Any CPU
		{B2A17C62-D101-4D88-AE34-8112492E6A75}.Ad-Hoc|iPhone.Deploy.0 = Debug|Any CPU
		{B2A17C62-D101-4D88-AE34-8112492E6A75}.Ad-Hoc|iPhoneSimulator.ActiveCfg = Debug|Any CPU
		{B2A17C62-D101-4D88-AE34-8112492E6A75}.Ad-Hoc|iPhoneSimulator.Build.0 = Debug|Any CPU
		{B2A17C62-D101-4D88-AE34-8112492E6A75}.Ad-Hoc|iPhoneSimulator.Deploy.0 = Debug|Any CPU
		{B2A17C62-D101-4D88-AE34-8112492E6A75}.AppStore|Any CPU.ActiveCfg = Debug|Any CPU
		{B2A17C62-D101-4D88-AE34-8112492E6A75}.AppStore|Any CPU.Build.0 = Debug|Any CPU
		{B2A17C62-D101-4D88-AE34-8112492E6A75}.AppStore|Any CPU.Deploy.0 = Debug|Any CPU
		{B2A17C62-D101-4D88-AE34-8112492E6A75}.AppStore|iPhone.ActiveCfg = Debug|Any CPU
		{B2A17C62-D101-4D88-AE34-8112492E6A75}.AppStore|iPhone.Build.0 = Debug|Any CPU
		{B2A17C62-D101-4D88-AE34-8112492E6A75}.AppStore|iPhone.Deploy.0 = Debug|Any CPU
		{B2A17C62-D101-4D88-AE34-8112492E6A75}.AppStore|iPhoneSimulator.ActiveCfg = Debug|Any CPU
		{B2A17C62-D101-4D88-AE34-8112492E6A75}.AppStore|iPhoneSimulator.Build.0 = Debug|Any CPU
		{B2A17C62-D101-4D88-AE34-8112492E6A75}.AppStore|iPhoneSimulator.Deploy.0 = Debug|Any CPU
		{B2A17C62-D101-4D88-AE34-8112492E6A75}.Debug|Any CPU.ActiveCfg = Debug|Any CPU
		{B2A17C62-D101-4D88-AE34-8112492E6A75}.Debug|Any CPU.Build.0 = Debug|Any CPU
		{B2A17C62-D101-4D88-AE34-8112492E6A75}.Debug|Any CPU.Deploy.0 = Debug|Any CPU
		{B2A17C62-D101-4D88-AE34-8112492E6A75}.Debug|iPhone.ActiveCfg = Debug|Any CPU
		{B2A17C62-D101-4D88-AE34-8112492E6A75}.Debug|iPhone.Build.0 = Debug|Any CPU
		{B2A17C62-D101-4D88-AE34-8112492E6A75}.Debug|iPhone.Deploy.0 = Debug|Any CPU
		{B2A17C62-D101-4D88-AE34-8112492E6A75}.Debug|iPhoneSimulator.ActiveCfg = Debug|Any CPU
		{B2A17C62-D101-4D88-AE34-8112492E6A75}.Debug|iPhoneSimulator.Build.0 = Debug|Any CPU
		{B2A17C62-D101-4D88-AE34-8112492E6A75}.Debug|iPhoneSimulator.Deploy.0 = Debug|Any CPU
		{B2A17C62-D101-4D88-AE34-8112492E6A75}.Release|Any CPU.ActiveCfg = Release|Any CPU
		{B2A17C62-D101-4D88-AE34-8112492E6A75}.Release|Any CPU.Build.0 = Release|Any CPU
		{B2A17C62-D101-4D88-AE34-8112492E6A75}.Release|Any CPU.Deploy.0 = Release|Any CPU
		{B2A17C62-D101-4D88-AE34-8112492E6A75}.Release|iPhone.ActiveCfg = Release|Any CPU
		{B2A17C62-D101-4D88-AE34-8112492E6A75}.Release|iPhone.Build.0 = Release|Any CPU
		{B2A17C62-D101-4D88-AE34-8112492E6A75}.Release|iPhone.Deploy.0 = Release|Any CPU
		{B2A17C62-D101-4D88-AE34-8112492E6A75}.Release|iPhoneSimulator.ActiveCfg = Release|Any CPU
		{B2A17C62-D101-4D88-AE34-8112492E6A75}.Release|iPhoneSimulator.Build.0 = Release|Any CPU
		{B2A17C62-D101-4D88-AE34-8112492E6A75}.Release|iPhoneSimulator.Deploy.0 = Release|Any CPU
	EndGlobalSection
	GlobalSection(SolutionProperties) = preSolution
		HideSolutionNode = FALSE
	EndGlobalSection
	GlobalSection(ExtensibilityGlobals) = postSolution
		SolutionGuid = {8E614F61-66AE-40B6-8667-F501BFA989ED}
	EndGlobalSection
EndGlobal
